
Microsoft Visual Studio Solution File, Format Version 12.00
# Visual Studio 15
VisualStudioVersion = 15.0.28307.136
MinimumVisualStudioVersion = 10.0.40219.1
Project("{8BC9CEB8-8B4A-11D0-8D11-00A0C91BC942}") = "PacMan", "PacMan\PacMan.vcxproj", "{B7ECCBB0-E285-4081-B236-06022B2C5CBC}"
EndProject
Global
	GlobalSection(SolutionConfigurationPlatforms) = preSolution
		Debug|x64 = Debug|x64
		Debug|x86 = Debug|x86
		Release|x64 = Release|x64
		Release|x86 = Release|x86
	EndGlobalSection
	GlobalSection(ProjectConfigurationPlatforms) = postSolution
		{B7ECCBB0-E285-4081-B236-06022B2C5CBC}.Debug|x64.ActiveCfg = Debug|x64
		{B7ECCBB0-E285-4081-B236-06022B2C5CBC}.Debug|x64.Build.0 = Debug|x64
		{B7ECCBB0-E285-4081-B236-06022B2C5CBC}.Debug|x86.ActiveCfg = Debug|Win32
		{B7ECCBB0-E285-4081-B236-06022B2C5CBC}.Debug|x86.Build.0 = Debug|Win32
		{B7ECCBB0-E285-4081-B236-06022B2C5CBC}.Release|x64.ActiveCfg = Release|x64
		{B7ECCBB0-E285-4081-B236-06022B2C5CBC}.Release|x64.Build.0 = Release|x64
		{B7ECCBB0-E285-4081-B236-06022B2C5CBC}.Release|x86.ActiveCfg = Release|Win32
		{B7ECCBB0-E285-4081-B236-06022B2C5CBC}.Release|x86.Build.0 = Release|Win32
	EndGlobalSection
	GlobalSection(SolutionProperties) = preSolution
		HideSolutionNode = FALSE
	EndGlobalSection
	GlobalSection(ExtensibilityGlobals) = postSolution
		SolutionGuid = {D4FE1A73-774F-4B70-966B-55BAB4A40A10}
	EndGlobalSection
EndGlobal
